
Microsoft Visual Studio Solution File, Format Version 12.00
# Visual Studio Version 16
VisualStudioVersion = 16.0.32929.386
MinimumVisualStudioVersion = 10.0.40219.1
Project("{FAE04EC0-301F-11D3-BF4B-00C04F79EFBC}") = "SumDiagonal", "SumDiagonal\SumDiagonal.csproj", "{A0797304-EB2B-4DC4-95C7-FF977E61C49E}"
EndProject
Global
	GlobalSection(SolutionConfigurationPlatforms) = preSolution
		Debug|Any CPU = Debug|Any CPU
		Release|Any CPU = Release|Any CPU
	EndGlobalSection
	GlobalSection(ProjectConfigurationPlatforms) = postSolution
		{A0797304-EB2B-4DC4-95C7-FF977E61C49E}.Debug|Any CPU.ActiveCfg = Debug|Any CPU
		{A0797304-EB2B-4DC4-95C7-FF977E61C49E}.Debug|Any CPU.Build.0 = Debug|Any CPU
		{A0797304-EB2B-4DC4-95C7-FF977E61C49E}.Release|Any CPU.ActiveCfg = Release|Any CPU
		{A0797304-EB2B-4DC4-95C7-FF977E61C49E}.Release|Any CPU.Build.0 = Release|Any CPU
	EndGlobalSection
	GlobalSection(SolutionProperties) = preSolution
		HideSolutionNode = FALSE
	EndGlobalSection
	GlobalSection(ExtensibilityGlobals) = postSolution
		SolutionGuid = {7B7AB2B4-A524-4C4A-88B2-B913FE309AB5}
	EndGlobalSection
EndGlobal
